{
  "nodes": {
    "flatpaks": {
      "inputs": {
        "nixpkgs": "nixpkgs",
        "utils": "utils"
      },
      "locked": {
        "lastModified": 1696152008,
        "narHash": "sha256-p9oubqdFJNj6+UetC9jXKj02NqYtyp5KwXIyf+rBh48=",
        "owner": "GermanBread",
        "repo": "declarative-flatpak",
        "rev": "86e81de5f7a6f8869e3cf2bec9406f7bc299f9cd",
        "type": "github"
      },
      "original": {
        "owner": "GermanBread",
        "ref": "stable",
        "repo": "declarative-flatpak",
        "type": "github"
      }
    },
    "home-manager": {
      "inputs": {
        "nixpkgs": "nixpkgs_2"
      },
      "locked": {
        "lastModified": 1696145345,
        "narHash": "sha256-3dM7I/d4751SLPJah0to1WBlWiyzIiuCEUwJqwBdmr4=",
        "owner": "nix-community",
        "repo": "home-manager",
        "rev": "6f9b5b83ad1f470b3d11b8a9fe1d5ef68c7d0e30",
        "type": "github"
      },
      "original": {
        "id": "home-manager",
        "type": "indirect"
      }
    },
    "nixpkgs": {
      "locked": {
        "lastModified": 1695825837,
        "narHash": "sha256-4Ne11kNRnQsmSJCRSSNkFRSnHC4Y5gPDBIQGjjPfJiU=",
        "owner": "NixOS",
        "repo": "nixpkgs",
        "rev": "5cfafa12d57374f48bcc36fda3274ada276cf69e",
        "type": "github"
      },
      "original": {
        "owner": "NixOS",
        "ref": "nixos-23.05",
        "repo": "nixpkgs",
        "type": "github"
      }
    },
    "nixpkgs-unstable": {
      "locked": {
        "lastModified": 1696334752,
        "narHash": "sha256-L/HxbUeR8BgKr9lxIgkb6KvfJn/uOn1rW3nQcoSQS1E=",
        "owner": "nixos",
        "repo": "nixpkgs",
        "rev": "b369092b3b93db8949191f708cd5a6241f26f24e",
        "type": "github"
      },
      "original": {
        "owner": "nixos",
        "repo": "nixpkgs",
        "type": "github"
      }
    },
    "nixpkgs_2": {
      "locked": {
        "lastModified": 1695360818,
        "narHash": "sha256-JlkN3R/SSoMTa+CasbxS1gq+GpGxXQlNZRUh9+LIy/0=",
        "owner": "NixOS",
        "repo": "nixpkgs",
        "rev": "e35dcc04a3853da485a396bdd332217d0ac9054f",
        "type": "github"
      },
      "original": {
        "owner": "NixOS",
        "ref": "nixos-unstable",
        "repo": "nixpkgs",
        "type": "github"
      }
    },
    "root": {
      "inputs": {
        "flatpaks": "flatpaks",
        "home-manager": "home-manager",
        "nixpkgs-unstable": "nixpkgs-unstable"
      }
    },
    "systems": {
      "locked": {
        "lastModified": 1681028828,
        "narHash": "sha256-Vy1rq5AaRuLzOxct8nz4T6wlgyUR7zLU309k9mBC768=",
        "owner": "nix-systems",
        "repo": "default",
        "rev": "da67096a3b9bf56a91d16901293e51ba5b49a27e",
        "type": "github"
      },
      "original": {
        "owner": "nix-systems",
        "repo": "default",
        "type": "github"
      }
    },
    "utils": {
      "inputs": {
        "systems": "systems"
      },
      "locked": {
        "lastModified": 1694529238,
        "narHash": "sha256-zsNZZGTGnMOf9YpHKJqMSsa0dXbfmxeoJ7xHlrt+xmY=",
        "owner": "numtide",
        "repo": "flake-utils",
        "rev": "ff7b65b44d01cf9ba6a71320833626af21126384",
        "type": "github"
      },
      "original": {
        "owner": "numtide",
        "repo": "flake-utils",
        "type": "github"
      }
    }
  },
  "root": "root",
  "version": 7
}
